
Microsoft Visual Studio Solution File, Format Version 12.00
# Visual Studio Version 17
VisualStudioVersion = 17.1.32421.90
MinimumVisualStudioVersion = 10.0.40219.1
Project("{9A19103F-16F7-4668-BE54-9A1E7A4F7556}") = "DeltGeometriFelleskomponent.Api", "DeltGeometriFelleskomponent.Api\DeltGeometriFelleskomponent.Api.csproj", "{299841F9-6070-4679-BD49-66866536E60B}"
EndProject
Project("{9A19103F-16F7-4668-BE54-9A1E7A4F7556}") = "DeltGeometriFelleskomponent.TopologyImplementation", "DeltGeometriFelleskomponent.TopologyImplementation\DeltGeometriFelleskomponent.TopologyImplementation.csproj", "{77FE478B-493C-4E07-B523-22B94DAA6652}"
EndProject
Project("{9A19103F-16F7-4668-BE54-9A1E7A4F7556}") = "DeltGeometriFelleskomponent.Models", "DeltGeometriFelleskomponent.Models\DeltGeometriFelleskomponent.Models.csproj", "{FB118046-D91C-4A35-B11B-98EBA0A3368B}"
EndProject
Project("{9A19103F-16F7-4668-BE54-9A1E7A4F7556}") = "DeltGeometriFelleskomponent.Tests", "DeltGeometriFelleskomponent.Tests\DeltGeometriFelleskomponent.Tests.csproj", "{20AA1C67-8804-48AB-89A5-C01AAC0FD148}"
EndProject
Project("{FAE04EC0-301F-11D3-BF4B-00C04F79EFBC}") = "DeltGeometriFelleskomponenet.CheckinImplementation", "DeltGeometriFelleskomponenet.CheckinImplementation\DeltGeometriFelleskomponenet.CheckinImplementation.csproj", "{46B77B28-1B42-41C7-9497-933869E1CB03}"
EndProject
Global
	GlobalSection(SolutionConfigurationPlatforms) = preSolution
		Debug|Any CPU = Debug|Any CPU
		Release|Any CPU = Release|Any CPU
	EndGlobalSection
	GlobalSection(ProjectConfigurationPlatforms) = postSolution
		{299841F9-6070-4679-BD49-66866536E60B}.Debug|Any CPU.ActiveCfg = Debug|Any CPU
		{299841F9-6070-4679-BD49-66866536E60B}.Debug|Any CPU.Build.0 = Debug|Any CPU
		{299841F9-6070-4679-BD49-66866536E60B}.Release|Any CPU.ActiveCfg = Release|Any CPU
		{299841F9-6070-4679-BD49-66866536E60B}.Release|Any CPU.Build.0 = Release|Any CPU
		{77FE478B-493C-4E07-B523-22B94DAA6652}.Debug|Any CPU.ActiveCfg = Debug|Any CPU
		{77FE478B-493C-4E07-B523-22B94DAA6652}.Debug|Any CPU.Build.0 = Debug|Any CPU
		{77FE478B-493C-4E07-B523-22B94DAA6652}.Release|Any CPU.ActiveCfg = Release|Any CPU
		{77FE478B-493C-4E07-B523-22B94DAA6652}.Release|Any CPU.Build.0 = Release|Any CPU
		{FB118046-D91C-4A35-B11B-98EBA0A3368B}.Debug|Any CPU.ActiveCfg = Debug|Any CPU
		{FB118046-D91C-4A35-B11B-98EBA0A3368B}.Debug|Any CPU.Build.0 = Debug|Any CPU
		{FB118046-D91C-4A35-B11B-98EBA0A3368B}.Release|Any CPU.ActiveCfg = Release|Any CPU
		{FB118046-D91C-4A35-B11B-98EBA0A3368B}.Release|Any CPU.Build.0 = Release|Any CPU
		{20AA1C67-8804-48AB-89A5-C01AAC0FD148}.Debug|Any CPU.ActiveCfg = Debug|Any CPU
		{20AA1C67-8804-48AB-89A5-C01AAC0FD148}.Debug|Any CPU.Build.0 = Debug|Any CPU
		{20AA1C67-8804-48AB-89A5-C01AAC0FD148}.Release|Any CPU.ActiveCfg = Release|Any CPU
		{20AA1C67-8804-48AB-89A5-C01AAC0FD148}.Release|Any CPU.Build.0 = Release|Any CPU
		{46B77B28-1B42-41C7-9497-933869E1CB03}.Debug|Any CPU.ActiveCfg = Debug|Any CPU
		{46B77B28-1B42-41C7-9497-933869E1CB03}.Debug|Any CPU.Build.0 = Debug|Any CPU
		{46B77B28-1B42-41C7-9497-933869E1CB03}.Release|Any CPU.ActiveCfg = Release|Any CPU
		{46B77B28-1B42-41C7-9497-933869E1CB03}.Release|Any CPU.Build.0 = Release|Any CPU
	EndGlobalSection
	GlobalSection(SolutionProperties) = preSolution
		HideSolutionNode = FALSE
	EndGlobalSection
	GlobalSection(ExtensibilityGlobals) = postSolution
		SolutionGuid = {1A41C4E9-FC8C-4FB8-B2C3-4E7F2A19425E}
	EndGlobalSection
EndGlobal
